
Microsoft Visual Studio Solution File, Format Version 12.00
# Visual Studio Version 16
VisualStudioVersion = 16.0.31205.134
MinimumVisualStudioVersion = 10.0.40219.1
Project("{FAE04EC0-301F-11D3-BF4B-00C04F79EFBC}") = "TaskOne", "TaskOne\TaskOne.csproj", "{040CAD46-BAC1-40E9-95DD-1612004DAB6A}"
EndProject
Global
	GlobalSection(SolutionConfigurationPlatforms) = preSolution
		Debug|Any CPU = Debug|Any CPU
		Release|Any CPU = Release|Any CPU
	EndGlobalSection
	GlobalSection(ProjectConfigurationPlatforms) = postSolution
		{040CAD46-BAC1-40E9-95DD-1612004DAB6A}.Debug|Any CPU.ActiveCfg = Debug|Any CPU
		{040CAD46-BAC1-40E9-95DD-1612004DAB6A}.Debug|Any CPU.Build.0 = Debug|Any CPU
		{040CAD46-BAC1-40E9-95DD-1612004DAB6A}.Release|Any CPU.ActiveCfg = Release|Any CPU
		{040CAD46-BAC1-40E9-95DD-1612004DAB6A}.Release|Any CPU.Build.0 = Release|Any CPU
	EndGlobalSection
	GlobalSection(SolutionProperties) = preSolution
		HideSolutionNode = FALSE
	EndGlobalSection
	GlobalSection(ExtensibilityGlobals) = postSolution
		SolutionGuid = {595DCB89-04FB-4563-BE45-1B5EBEA315DD}
	EndGlobalSection
EndGlobal
